
Microsoft Visual Studio Solution File, Format Version 12.00
# Visual Studio Version 16
VisualStudioVersion = 16.0.31410.357
MinimumVisualStudioVersion = 10.0.40219.1
Project("{FAE04EC0-301F-11D3-BF4B-00C04F79EFBC}") = "QuanLyThuVienCSharp", "QuanLyThuVienCSharp.csproj", "{3FC0CCEC-234D-437F-9AC6-84936DA11E3E}"
EndProject
Global
	GlobalSection(SolutionConfigurationPlatforms) = preSolution
		Debug|Any CPU = Debug|Any CPU
		Release|Any CPU = Release|Any CPU
	EndGlobalSection
	GlobalSection(ProjectConfigurationPlatforms) = postSolution
		{3FC0CCEC-234D-437F-9AC6-84936DA11E3E}.Debug|Any CPU.ActiveCfg = Debug|Any CPU
		{3FC0CCEC-234D-437F-9AC6-84936DA11E3E}.Debug|Any CPU.Build.0 = Debug|Any CPU
		{3FC0CCEC-234D-437F-9AC6-84936DA11E3E}.Release|Any CPU.ActiveCfg = Release|Any CPU
		{3FC0CCEC-234D-437F-9AC6-84936DA11E3E}.Release|Any CPU.Build.0 = Release|Any CPU
	EndGlobalSection
	GlobalSection(SolutionProperties) = preSolution
		HideSolutionNode = FALSE
	EndGlobalSection
	GlobalSection(ExtensibilityGlobals) = postSolution
		SolutionGuid = {F56C9901-72A9-4C12-A613-E7EBF5A27BC6}
	EndGlobalSection
EndGlobal
